// !$*UTF8*$!
{
	archiveVersion = 1;
	classes = {
	};
	objectVersion = 48;
	objects = {

/* Begin PBXBuildFile section */
		957F3AF81FDEE33A003F7518 /* SettingsTableViewController.swift in Sources */ = {isa = PBXBuildFile; fileRef = 957F3AF71FDEE33A003F7518 /* SettingsTableViewController.swift */; };
		957F3AFE1FDF0744003F7518 /* ServerViewController.swift in Sources */ = {isa = PBXBuildFile; fileRef = 957F3AFD1FDF0744003F7518 /* ServerViewController.swift */; };
		957F3B001FDF1057003F7518 /* PlayersViewController.swift in Sources */ = {isa = PBXBuildFile; fileRef = 957F3AFF1FDF1057003F7518 /* PlayersViewController.swift */; };
		957F3B021FDF14A2003F7518 /* GameViewController.swift in Sources */ = {isa = PBXBuildFile; fileRef = 957F3B011FDF14A2003F7518 /* GameViewController.swift */; };
		957F3B041FDF2DB1003F7518 /* HistoryTableViewController.swift in Sources */ = {isa = PBXBuildFile; fileRef = 957F3B031FDF2DB1003F7518 /* HistoryTableViewController.swift */; };
		957F3B061FDF3A91003F7518 /* DetailsTableViewController.swift in Sources */ = {isa = PBXBuildFile; fileRef = 957F3B051FDF3A91003F7518 /* DetailsTableViewController.swift */; };
		95DC69CB1FDEDB0B005A7D1B /* AppDelegate.swift in Sources */ = {isa = PBXBuildFile; fileRef = 95DC69CA1FDEDB0B005A7D1B /* AppDelegate.swift */; };
		95DC69CD1FDEDB0B005A7D1B /* ViewController.swift in Sources */ = {isa = PBXBuildFile; fileRef = 95DC69CC1FDEDB0B005A7D1B /* ViewController.swift */; };
		95DC69D01FDEDB0B005A7D1B /* Main.storyboard in Resources */ = {isa = PBXBuildFile; fileRef = 95DC69CE1FDEDB0B005A7D1B /* Main.storyboard */; };
		95DC69D31FDEDB0B005A7D1B /* RO_SHAM_BILL.xcdatamodeld in Sources */ = {isa = PBXBuildFile; fileRef = 95DC69D11FDEDB0B005A7D1B /* RO_SHAM_BILL.xcdatamodeld */; };
		95DC69D51FDEDB0B005A7D1B /* Assets.xcassets in Resources */ = {isa = PBXBuildFile; fileRef = 95DC69D41FDEDB0B005A7D1B /* Assets.xcassets */; };
		95DC69D81FDEDB0B005A7D1B /* LaunchScreen.storyboard in Resources */ = {isa = PBXBuildFile; fileRef = 95DC69D61FDEDB0B005A7D1B /* LaunchScreen.storyboard */; };
/* End PBXBuildFile section */

/* Begin PBXFileReference section */
		957F3AF71FDEE33A003F7518 /* SettingsTableViewController.swift */ = {isa = PBXFileReference; lastKnownFileType = sourcecode.swift; path = SettingsTableViewController.swift; sourceTree = "<group>"; };
		957F3AFD1FDF0744003F7518 /* ServerViewController.swift */ = {isa = PBXFileReference; lastKnownFileType = sourcecode.swift; path = ServerViewController.swift; sourceTree = "<group>"; };
		957F3AFF1FDF1057003F7518 /* PlayersViewController.swift */ = {isa = PBXFileReference; lastKnownFileType = sourcecode.swift; path = PlayersViewController.swift; sourceTree = "<group>"; };
		957F3B011FDF14A2003F7518 /* GameViewController.swift */ = {isa = PBXFileReference; lastKnownFileType = sourcecode.swift; path = GameViewController.swift; sourceTree = "<group>"; };
		957F3B031FDF2DB1003F7518 /* HistoryTableViewController.swift */ = {isa = PBXFileReference; lastKnownFileType = sourcecode.swift; path = HistoryTableViewController.swift; sourceTree = "<group>"; };
		957F3B051FDF3A91003F7518 /* DetailsTableViewController.swift */ = {isa = PBXFileReference; lastKnownFileType = sourcecode.swift; path = DetailsTableViewController.swift; sourceTree = "<group>"; };
		95DC69C71FDEDB0B005A7D1B /* RO-SHAM-BILL.app */ = {isa = PBXFileReference; explicitFileType = wrapper.application; includeInIndex = 0; path = "RO-SHAM-BILL.app"; sourceTree = BUILT_PRODUCTS_DIR; };
		95DC69CA1FDEDB0B005A7D1B /* AppDelegate.swift */ = {isa = PBXFileReference; lastKnownFileType = sourcecode.swift; path = AppDelegate.swift; sourceTree = "<group>"; };
		95DC69CC1FDEDB0B005A7D1B /* ViewController.swift */ = {isa = PBXFileReference; lastKnownFileType = sourcecode.swift; path = ViewController.swift; sourceTree = "<group>"; };
		95DC69CF1FDEDB0B005A7D1B /* Base */ = {isa = PBXFileReference; lastKnownFileType = file.storyboard; name = Base; path = Base.lproj/Main.storyboard; sourceTree = "<group>"; };
		95DC69D21FDEDB0B005A7D1B /* RO_SHAM_BILL.xcdatamodel */ = {isa = PBXFileReference; lastKnownFileType = wrapper.xcdatamodel; path = RO_SHAM_BILL.xcdatamodel; sourceTree = "<group>"; };
		95DC69D41FDEDB0B005A7D1B /* Assets.xcassets */ = {isa = PBXFileReference; lastKnownFileType = folder.assetcatalog; path = Assets.xcassets; sourceTree = "<group>"; };
		95DC69D71FDEDB0B005A7D1B /* Base */ = {isa = PBXFileReference; lastKnownFileType = file.storyboard; name = Base; path = Base.lproj/LaunchScreen.storyboard; sourceTree = "<group>"; };
		95DC69D91FDEDB0B005A7D1B /* Info.plist */ = {isa = PBXFileReference; lastKnownFileType = text.plist.xml; path = Info.plist; sourceTree = "<group>"; };
/* End PBXFileReference section */

/* Begin PBXFrameworksBuildPhase section */
		95DC69C41FDEDB0B005A7D1B /* Frameworks */ = {
			isa = PBXFrameworksBuildPhase;
			buildActionMask = 2147483647;
			files = (
			);
			runOnlyForDeploymentPostprocessing = 0;
		};
/* End PBXFrameworksBuildPhase section */

/* Begin PBXGroup section */
		957F3AF91FDEE415003F7518 /* Model */ = {
			isa = PBXGroup;
			children = (
				95DC69D11FDEDB0B005A7D1B /* RO_SHAM_BILL.xcdatamodeld */,
			);
			name = Model;
			sourceTree = "<group>";
		};
		957F3AFA1FDEE423003F7518 /* View */ = {
			isa = PBXGroup;
			children = (
				95DC69CE1FDEDB0B005A7D1B /* Main.storyboard */,
				95DC69D61FDEDB0B005A7D1B /* LaunchScreen.storyboard */,
			);
			name = View;
			sourceTree = "<group>";
		};
		957F3AFB1FDEE42B003F7518 /* Controller */ = {
			isa = PBXGroup;
			children = (
				957F3AF71FDEE33A003F7518 /* SettingsTableViewController.swift */,
				95DC69CC1FDEDB0B005A7D1B /* ViewController.swift */,
				957F3AFD1FDF0744003F7518 /* ServerViewController.swift */,
				957F3AFF1FDF1057003F7518 /* PlayersViewController.swift */,
				957F3B011FDF14A2003F7518 /* GameViewController.swift */,
				957F3B031FDF2DB1003F7518 /* HistoryTableViewController.swift */,
				957F3B051FDF3A91003F7518 /* DetailsTableViewController.swift */,
			);
			name = Controller;
			sourceTree = "<group>";
		};
		957F3AFC1FDEE436003F7518 /* Assets */ = {
			isa = PBXGroup;
			children = (
				95DC69D41FDEDB0B005A7D1B /* Assets.xcassets */,
				95DC69CA1FDEDB0B005A7D1B /* AppDelegate.swift */,
				95DC69D91FDEDB0B005A7D1B /* Info.plist */,
			);
			name = Assets;
			sourceTree = "<group>";
		};
		95DC69BE1FDEDB0B005A7D1B = {
			isa = PBXGroup;
			children = (
				95DC69C91FDEDB0B005A7D1B /* RO-SHAM-BILL */,
				95DC69C81FDEDB0B005A7D1B /* Products */,
			);
			sourceTree = "<group>";
		};
		95DC69C81FDEDB0B005A7D1B /* Products */ = {
			isa = PBXGroup;
			children = (
				95DC69C71FDEDB0B005A7D1B /* RO-SHAM-BILL.app */,
			);
			name = Products;
			sourceTree = "<group>";
		};
		95DC69C91FDEDB0B005A7D1B /* RO-SHAM-BILL */ = {
			isa = PBXGroup;
			children = (
				957F3AFC1FDEE436003F7518 /* Assets */,
				957F3AFB1FDEE42B003F7518 /* Controller */,
				957F3AFA1FDEE423003F7518 /* View */,
				957F3AF91FDEE415003F7518 /* Model */,
			);
			path = "RO-SHAM-BILL";
			sourceTree = "<group>";
		};
/* End PBXGroup section */

/* Begin PBXNativeTarget section */
		95DC69C61FDEDB0B005A7D1B /* RO-SHAM-BILL */ = {
			isa = PBXNativeTarget;
			buildConfigurationList = 95DC69DC1FDEDB0B005A7D1B /* Build configuration list for PBXNativeTarget "RO-SHAM-BILL" */;
			buildPhases = (
				95DC69C31FDEDB0B005A7D1B /* Sources */,
				95DC69C41FDEDB0B005A7D1B /* Frameworks */,
				95DC69C51FDEDB0B005A7D1B /* Resources */,
			);
			buildRules = (
			);
			dependencies = (
			);
			name = "RO-SHAM-BILL";
			productName = "RO-SHAM-BILL";
			productReference = 95DC69C71FDEDB0B005A7D1B /* RO-SHAM-BILL.app */;
			productType = "com.apple.product-type.application";
		};
/* End PBXNativeTarget section */

/* Begin PBXProject section */
		95DC69BF1FDEDB0B005A7D1B /* Project object */ = {
			isa = PBXProject;
			attributes = {
				LastSwiftUpdateCheck = 0920;
				LastUpgradeCheck = 0920;
				ORGANIZATIONNAME = "Dennis Sauve";
				TargetAttributes = {
					95DC69C61FDEDB0B005A7D1B = {
						CreatedOnToolsVersion = 9.2;
						ProvisioningStyle = Automatic;
					};
				};
			};
			buildConfigurationList = 95DC69C21FDEDB0B005A7D1B /* Build configuration list for PBXProject "RO-SHAM-BILL" */;
			compatibilityVersion = "Xcode 8.0";
			developmentRegion = en;
			hasScannedForEncodings = 0;
			knownRegions = (
				en,
				Base,
			);
			mainGroup = 95DC69BE1FDEDB0B005A7D1B;
			productRefGroup = 95DC69C81FDEDB0B005A7D1B /* Products */;
			projectDirPath = "";
			projectRoot = "";
			targets = (
				95DC69C61FDEDB0B005A7D1B /* RO-SHAM-BILL */,
			);
		};
/* End PBXProject section */

/* Begin PBXResourcesBuildPhase section */
		95DC69C51FDEDB0B005A7D1B /* Resources */ = {
			isa = PBXResourcesBuildPhase;
			buildActionMask = 2147483647;
			files = (
				95DC69D81FDEDB0B005A7D1B /* LaunchScreen.storyboard in Resources */,
				95DC69D51FDEDB0B005A7D1B /* Assets.xcassets in Resources */,
				95DC69D01FDEDB0B005A7D1B /* Main.storyboard in Resources */,
			);
			runOnlyForDeploymentPostprocessing = 0;
		};
/* End PBXResourcesBuildPhase section */

/* Begin PBXSourcesBuildPhase section */
		95DC69C31FDEDB0B005A7D1B /* Sources */ = {
			isa = PBXSourcesBuildPhase;
			buildActionMask = 2147483647;
			files = (
				957F3B041FDF2DB1003F7518 /* HistoryTableViewController.swift in Sources */,
				957F3B021FDF14A2003F7518 /* GameViewController.swift in Sources */,
				957F3AF81FDEE33A003F7518 /* SettingsTableViewController.swift in Sources */,
				95DC69CD1FDEDB0B005A7D1B /* ViewController.swift in Sources */,
				957F3B061FDF3A91003F7518 /* DetailsTableViewController.swift in Sources */,
				95DC69CB1FDEDB0B005A7D1B /* AppDelegate.swift in Sources */,
				957F3AFE1FDF0744003F7518 /* ServerViewController.swift in Sources */,
				95DC69D31FDEDB0B005A7D1B /* RO_SHAM_BILL.xcdatamodeld in Sources */,
				957F3B001FDF1057003F7518 /* PlayersViewController.swift in Sources */,
			);
			runOnlyForDeploymentPostprocessing = 0;
		};
/* End PBXSourcesBuildPhase section */

/* Begin PBXVariantGroup section */
		95DC69CE1FDEDB0B005A7D1B /* Main.storyboard */ = {
			isa = PBXVariantGroup;
			children = (
				95DC69CF1FDEDB0B005A7D1B /* Base */,
			);
			name = Main.storyboard;
			sourceTree = "<group>";
		};
		95DC69D61FDEDB0B005A7D1B /* LaunchScreen.storyboard */ = {
			isa = PBXVariantGroup;
			children = (
				95DC69D71FDEDB0B005A7D1B /* Base */,
			);
			name = LaunchScreen.storyboard;
			sourceTree = "<group>";
		};
/* End PBXVariantGroup section */

/* Begin XCBuildConfiguration section */
		95DC69DA1FDEDB0B005A7D1B /* Debug */ = {
			isa = XCBuildConfiguration;
			buildSettings = {
				ALWAYS_SEARCH_USER_PATHS = NO;
				CLANG_ANALYZER_NONNULL = YES;
				CLANG_ANALYZER_NUMBER_OBJECT_CONVERSION = YES_AGGRESSIVE;
				CLANG_CXX_LANGUAGE_STANDARD = "gnu++14";
				CLANG_CXX_LIBRARY = "libc++";
				CLANG_ENABLE_MODULES = YES;
				CLANG_ENABLE_OBJC_ARC = YES;
				CLANG_WARN_BLOCK_CAPTURE_AUTORELEASING = YES;
				CLANG_WARN_BOOL_CONVERSION = YES;
				CLANG_WARN_COMMA = YES;
				CLANG_WARN_CONSTANT_CONVERSION = YES;
				CLANG_WARN_DIRECT_OBJC_ISA_USAGE = YES_ERROR;
				CLANG_WARN_DOCUMENTATION_COMMENTS = YES;
				CLANG_WARN_EMPTY_BODY = YES;
				CLANG_WARN_ENUM_CONVERSION = YES;
				CLANG_WARN_INFINITE_RECURSION = YES;
				CLANG_WARN_INT_CONVERSION = YES;
				CLANG_WARN_NON_LITERAL_NULL_CONVERSION = YES;
				CLANG_WARN_OBJC_LITERAL_CONVERSION = YES;
				CLANG_WARN_OBJC_ROOT_CLASS = YES_ERROR;
				CLANG_WARN_RANGE_LOOP_ANALYSIS = YES;
				CLANG_WARN_STRICT_PROTOTYPES = YES;
				CLANG_WARN_SUSPICIOUS_MOVE = YES;
				CLANG_WARN_UNGUARDED_AVAILABILITY = YES_AGGRESSIVE;
				CLANG_WARN_UNREACHABLE_CODE = YES;
				CLANG_WARN__DUPLICATE_METHOD_MATCH = YES;
				CODE_SIGN_IDENTITY = "iPhone Developer";
				COPY_PHASE_STRIP = NO;
				DEBUG_INFORMATION_FORMAT = dwarf;
				ENABLE_STRICT_OBJC_MSGSEND = YES;
				ENABLE_TESTABILITY = YES;
				GCC_C_LANGUAGE_STANDARD = gnu11;
				GCC_DYNAMIC_NO_PIC = NO;
				GCC_NO_COMMON_BLOCKS = YES;
				GCC_OPTIMIZATION_LEVEL = 0;
				GCC_PREPROCESSOR_DEFINITIONS = (
					"DEBUG=1",
					"$(inherited)",
				);
				GCC_WARN_64_TO_32_BIT_CONVERSION = YES;
				GCC_WARN_ABOUT_RETURN_TYPE = YES_ERROR;
				GCC_WARN_UNDECLARED_SELECTOR = YES;
				GCC_WARN_UNINITIALIZED_AUTOS = YES_AGGRESSIVE;
				GCC_WARN_UNUSED_FUNCTION = YES;
				GCC_WARN_UNUSED_VARIABLE = YES;
				IPHONEOS_DEPLOYMENT_TARGET = 11.2;
				MTL_ENABLE_DEBUG_INFO = YES;
				ONLY_ACTIVE_ARCH = YES;
				SDKROOT = iphoneos;
				SWIFT_ACTIVE_COMPILATION_CONDITIONS = DEBUG;
				SWIFT_OPTIMIZATION_LEVEL = "-Onone";
			};
			name = Debug;
		};
		95DC69DB1FDEDB0B005A7D1B /* Release */ = {
			isa = XCBuildConfiguration;
			buildSettings = {
				ALWAYS_SEARCH_USER_PATHS = NO;
				CLANG_ANALYZER_NONNULL = YES;
				CLANG_ANALYZER_NUMBER_OBJECT_CONVERSION = YES_AGGRESSIVE;
				CLANG_CXX_LANGUAGE_STANDARD = "gnu++14";
				CLANG_CXX_LIBRARY = "libc++";
				CLANG_ENABLE_MODULES = YES;
				CLANG_ENABLE_OBJC_ARC = YES;
				CLANG_WARN_BLOCK_CAPTURE_AUTORELEASING = YES;
				CLANG_WARN_BOOL_CONVERSION = YES;
				CLANG_WARN_COMMA = YES;
				CLANG_WARN_CONSTANT_CONVERSION = YES;
				CLANG_WARN_DIRECT_OBJC_ISA_USAGE = YES_ERROR;
				CLANG_WARN_DOCUMENTATION_COMMENTS = YES;
				CLANG_WARN_EMPTY_BODY = YES;
				CLANG_WARN_ENUM_CONVERSION = YES;
				CLANG_WARN_INFINITE_RECURSION = YES;
				CLANG_WARN_INT_CONVERSION = YES;
				CLANG_WARN_NON_LITERAL_NULL_CONVERSION = YES;
				CLANG_WARN_OBJC_LITERAL_CONVERSION = YES;
				CLANG_WARN_OBJC_ROOT_CLASS = YES_ERROR;
				CLANG_WARN_RANGE_LOOP_ANALYSIS = YES;
				CLANG_WARN_STRICT_PROTOTYPES = YES;
				CLANG_WARN_SUSPICIOUS_MOVE = YES;
				CLANG_WARN_UNGUARDED_AVAILABILITY = YES_AGGRESSIVE;
				CLANG_WARN_UNREACHABLE_CODE = YES;
				CLANG_WARN__DUPLICATE_METHOD_MATCH = YES;
				CODE_SIGN_IDENTITY = "iPhone Developer";
				COPY_PHASE_STRIP = NO;
				DEBUG_INFORMATION_FORMAT = "dwarf-with-dsym";
				ENABLE_NS_ASSERTIONS = NO;
				ENABLE_STRICT_OBJC_MSGSEND = YES;
				GCC_C_LANGUAGE_STANDARD = gnu11;
				GCC_NO_COMMON_BLOCKS = YES;
				GCC_WARN_64_TO_32_BIT_CONVERSION = YES;
				GCC_WARN_ABOUT_RETURN_TYPE = YES_ERROR;
				GCC_WARN_UNDECLARED_SELECTOR = YES;
				GCC_WARN_UNINITIALIZED_AUTOS = YES_AGGRESSIVE;
				GCC_WARN_UNUSED_FUNCTION = YES;
				GCC_WARN_UNUSED_VARIABLE = YES;
				IPHONEOS_DEPLOYMENT_TARGET = 11.2;
				MTL_ENABLE_DEBUG_INFO = NO;
				SDKROOT = iphoneos;
				SWIFT_OPTIMIZATION_LEVEL = "-Owholemodule";
				VALIDATE_PRODUCT = YES;
			};
			name = Release;
		};
		95DC69DD1FDEDB0B005A7D1B /* Debug */ = {
			isa = XCBuildConfiguration;
			buildSettings = {
				ASSETCATALOG_COMPILER_APPICON_NAME = AppIcon;
				CODE_SIGN_STYLE = Automatic;
				DEVELOPMENT_TEAM = UMMQAYBDW2;
				INFOPLIST_FILE = "RO-SHAM-BILL/Info.plist";
				LD_RUNPATH_SEARCH_PATHS = "$(inherited) @executable_path/Frameworks";
				PRODUCT_BUNDLE_IDENTIFIER = "com.dennissauve.CIS221.RO-SHAM-BILL";
				PRODUCT_NAME = "$(TARGET_NAME)";
				SWIFT_VERSION = 4.0;
				TARGETED_DEVICE_FAMILY = 1;
			};
			name = Debug;
		};
		95DC69DE1FDEDB0B005A7D1B /* Release */ = {
			isa = XCBuildConfiguration;
			buildSettings = {
				ASSETCATALOG_COMPILER_APPICON_NAME = AppIcon;
				CODE_SIGN_STYLE = Automatic;
				DEVELOPMENT_TEAM = UMMQAYBDW2;
				INFOPLIST_FILE = "RO-SHAM-BILL/Info.plist";
				LD_RUNPATH_SEARCH_PATHS = "$(inherited) @executable_path/Frameworks";
				PRODUCT_BUNDLE_IDENTIFIER = "com.dennissauve.CIS221.RO-SHAM-BILL";
				PRODUCT_NAME = "$(TARGET_NAME)";
				SWIFT_VERSION = 4.0;
				TARGETED_DEVICE_FAMILY = 1;
			};
			name = Release;
		};
/* End XCBuildConfiguration section */

/* Begin XCConfigurationList section */
		95DC69C21FDEDB0B005A7D1B /* Build configuration list for PBXProject "RO-SHAM-BILL" */ = {
			isa = XCConfigurationList;
			buildConfigurations = (
				95DC69DA1FDEDB0B005A7D1B /* Debug */,
				95DC69DB1FDEDB0B005A7D1B /* Release */,
			);
			defaultConfigurationIsVisible = 0;
			defaultConfigurationName = Release;
		};
		95DC69DC1FDEDB0B005A7D1B /* Build configuration list for PBXNativeTarget "RO-SHAM-BILL" */ = {
			isa = XCConfigurationList;
			buildConfigurations = (
				95DC69DD1FDEDB0B005A7D1B /* Debug */,
				95DC69DE1FDEDB0B005A7D1B /* Release */,
			);
			defaultConfigurationIsVisible = 0;
			defaultConfigurationName = Release;
		};
/* End XCConfigurationList section */

/* Begin XCVersionGroup section */
		95DC69D11FDEDB0B005A7D1B /* RO_SHAM_BILL.xcdatamodeld */ = {
			isa = XCVersionGroup;
			children = (
				95DC69D21FDEDB0B005A7D1B /* RO_SHAM_BILL.xcdatamodel */,
			);
			currentVersion = 95DC69D21FDEDB0B005A7D1B /* RO_SHAM_BILL.xcdatamodel */;
			path = RO_SHAM_BILL.xcdatamodeld;
			sourceTree = "<group>";
			versionGroupType = wrapper.xcdatamodel;
		};
/* End XCVersionGroup section */
	};
	rootObject = 95DC69BF1FDEDB0B005A7D1B /* Project object */;
}
