// !$*UTF8*$!
{
	archiveVersion = 1;
	classes = {
	};
	objectVersion = 46;
	objects = {

/* Begin PBXBuildFile section */
		33D52F7E1E9443DF00C8E2E4 /* AppDelegate.swift in Sources */ = {isa = PBXBuildFile; fileRef = 33D52F7D1E9443DF00C8E2E4 /* AppDelegate.swift */; };
		33D52F801E9443DF00C8E2E4 /* ViewController.swift in Sources */ = {isa = PBXBuildFile; fileRef = 33D52F7F1E9443DF00C8E2E4 /* ViewController.swift */; };
		33D52F831E9443DF00C8E2E4 /* Main.storyboard in Resources */ = {isa = PBXBuildFile; fileRef = 33D52F811E9443DF00C8E2E4 /* Main.storyboard */; };
		33D52F851E9443DF00C8E2E4 /* Assets.xcassets in Resources */ = {isa = PBXBuildFile; fileRef = 33D52F841E9443DF00C8E2E4 /* Assets.xcassets */; };
		33D52F881E9443E000C8E2E4 /* LaunchScreen.storyboard in Resources */ = {isa = PBXBuildFile; fileRef = 33D52F861E9443E000C8E2E4 /* LaunchScreen.storyboard */; };
		33D52F931E9443E000C8E2E4 /* batollTests.swift in Sources */ = {isa = PBXBuildFile; fileRef = 33D52F921E9443E000C8E2E4 /* batollTests.swift */; };
		33D52F9E1E9443E000C8E2E4 /* batollUITests.swift in Sources */ = {isa = PBXBuildFile; fileRef = 33D52F9D1E9443E000C8E2E4 /* batollUITests.swift */; };
/* End PBXBuildFile section */

/* Begin PBXContainerItemProxy section */
		33D52F8F1E9443E000C8E2E4 /* PBXContainerItemProxy */ = {
			isa = PBXContainerItemProxy;
			containerPortal = 33D52F721E9443DF00C8E2E4 /* Project object */;
			proxyType = 1;
			remoteGlobalIDString = 33D52F791E9443DF00C8E2E4;
			remoteInfo = batoll;
		};
		33D52F9A1E9443E000C8E2E4 /* PBXContainerItemProxy */ = {
			isa = PBXContainerItemProxy;
			containerPortal = 33D52F721E9443DF00C8E2E4 /* Project object */;
			proxyType = 1;
			remoteGlobalIDString = 33D52F791E9443DF00C8E2E4;
			remoteInfo = batoll;
		};
/* End PBXContainerItemProxy section */

/* Begin PBXFileReference section */
		33D52F7A1E9443DF00C8E2E4 /* batoll.app */ = {isa = PBXFileReference; explicitFileType = wrapper.application; includeInIndex = 0; path = batoll.app; sourceTree = BUILT_PRODUCTS_DIR; };
		33D52F7D1E9443DF00C8E2E4 /* AppDelegate.swift */ = {isa = PBXFileReference; lastKnownFileType = sourcecode.swift; path = AppDelegate.swift; sourceTree = "<group>"; };
		33D52F7F1E9443DF00C8E2E4 /* ViewController.swift */ = {isa = PBXFileReference; lastKnownFileType = sourcecode.swift; path = ViewController.swift; sourceTree = "<group>"; };
		33D52F821E9443DF00C8E2E4 /* Base */ = {isa = PBXFileReference; lastKnownFileType = file.storyboard; name = Base; path = Base.lproj/Main.storyboard; sourceTree = "<group>"; };
		33D52F841E9443DF00C8E2E4 /* Assets.xcassets */ = {isa = PBXFileReference; lastKnownFileType = folder.assetcatalog; path = Assets.xcassets; sourceTree = "<group>"; };
		33D52F871E9443E000C8E2E4 /* Base */ = {isa = PBXFileReference; lastKnownFileType = file.storyboard; name = Base; path = Base.lproj/LaunchScreen.storyboard; sourceTree = "<group>"; };
		33D52F891E9443E000C8E2E4 /* Info.plist */ = {isa = PBXFileReference; lastKnownFileType = text.plist.xml; path = Info.plist; sourceTree = "<group>"; };
		33D52F8E1E9443E000C8E2E4 /* batollTests.xctest */ = {isa = PBXFileReference; explicitFileType = wrapper.cfbundle; includeInIndex = 0; path = batollTests.xctest; sourceTree = BUILT_PRODUCTS_DIR; };
		33D52F921E9443E000C8E2E4 /* batollTests.swift */ = {isa = PBXFileReference; lastKnownFileType = sourcecode.swift; path = batollTests.swift; sourceTree = "<group>"; };
		33D52F941E9443E000C8E2E4 /* Info.plist */ = {isa = PBXFileReference; lastKnownFileType = text.plist.xml; path = Info.plist; sourceTree = "<group>"; };
		33D52F991E9443E000C8E2E4 /* batollUITests.xctest */ = {isa = PBXFileReference; explicitFileType = wrapper.cfbundle; includeInIndex = 0; path = batollUITests.xctest; sourceTree = BUILT_PRODUCTS_DIR; };
		33D52F9D1E9443E000C8E2E4 /* batollUITests.swift */ = {isa = PBXFileReference; lastKnownFileType = sourcecode.swift; path = batollUITests.swift; sourceTree = "<group>"; };
		33D52F9F1E9443E000C8E2E4 /* Info.plist */ = {isa = PBXFileReference; lastKnownFileType = text.plist.xml; path = Info.plist; sourceTree = "<group>"; };
/* End PBXFileReference section */

/* Begin PBXFrameworksBuildPhase section */
		33D52F771E9443DF00C8E2E4 /* Frameworks */ = {
			isa = PBXFrameworksBuildPhase;
			buildActionMask = 2147483647;
			files = (
			);
			runOnlyForDeploymentPostprocessing = 0;
		};
		33D52F8B1E9443E000C8E2E4 /* Frameworks */ = {
			isa = PBXFrameworksBuildPhase;
			buildActionMask = 2147483647;
			files = (
			);
			runOnlyForDeploymentPostprocessing = 0;
		};
		33D52F961E9443E000C8E2E4 /* Frameworks */ = {
			isa = PBXFrameworksBuildPhase;
			buildActionMask = 2147483647;
			files = (
			);
			runOnlyForDeploymentPostprocessing = 0;
		};
/* End PBXFrameworksBuildPhase section */

/* Begin PBXGroup section */
		33D52F711E9443DF00C8E2E4 = {
			isa = PBXGroup;
			children = (
				33D52F7C1E9443DF00C8E2E4 /* batoll */,
				33D52F911E9443E000C8E2E4 /* batollTests */,
				33D52F9C1E9443E000C8E2E4 /* batollUITests */,
				33D52F7B1E9443DF00C8E2E4 /* Products */,
			);
			sourceTree = "<group>";
		};
		33D52F7B1E9443DF00C8E2E4 /* Products */ = {
			isa = PBXGroup;
			children = (
				33D52F7A1E9443DF00C8E2E4 /* batoll.app */,
				33D52F8E1E9443E000C8E2E4 /* batollTests.xctest */,
				33D52F991E9443E000C8E2E4 /* batollUITests.xctest */,
			);
			name = Products;
			sourceTree = "<group>";
		};
		33D52F7C1E9443DF00C8E2E4 /* batoll */ = {
			isa = PBXGroup;
			children = (
				33D52F7D1E9443DF00C8E2E4 /* AppDelegate.swift */,
				33D52F7F1E9443DF00C8E2E4 /* ViewController.swift */,
				33D52F811E9443DF00C8E2E4 /* Main.storyboard */,
				33D52F841E9443DF00C8E2E4 /* Assets.xcassets */,
				33D52F861E9443E000C8E2E4 /* LaunchScreen.storyboard */,
				33D52F891E9443E000C8E2E4 /* Info.plist */,
			);
			path = batoll;
			sourceTree = "<group>";
		};
		33D52F911E9443E000C8E2E4 /* batollTests */ = {
			isa = PBXGroup;
			children = (
				33D52F921E9443E000C8E2E4 /* batollTests.swift */,
				33D52F941E9443E000C8E2E4 /* Info.plist */,
			);
			path = batollTests;
			sourceTree = "<group>";
		};
		33D52F9C1E9443E000C8E2E4 /* batollUITests */ = {
			isa = PBXGroup;
			children = (
				33D52F9D1E9443E000C8E2E4 /* batollUITests.swift */,
				33D52F9F1E9443E000C8E2E4 /* Info.plist */,
			);
			path = batollUITests;
			sourceTree = "<group>";
		};
/* End PBXGroup section */

/* Begin PBXNativeTarget section */
		33D52F791E9443DF00C8E2E4 /* batoll */ = {
			isa = PBXNativeTarget;
			buildConfigurationList = 33D52FA21E9443E000C8E2E4 /* Build configuration list for PBXNativeTarget "batoll" */;
			buildPhases = (
				33D52F761E9443DF00C8E2E4 /* Sources */,
				33D52F771E9443DF00C8E2E4 /* Frameworks */,
				33D52F781E9443DF00C8E2E4 /* Resources */,
			);
			buildRules = (
			);
			dependencies = (
			);
			name = batoll;
			productName = batoll;
			productReference = 33D52F7A1E9443DF00C8E2E4 /* batoll.app */;
			productType = "com.apple.product-type.application";
		};
		33D52F8D1E9443E000C8E2E4 /* batollTests */ = {
			isa = PBXNativeTarget;
			buildConfigurationList = 33D52FA51E9443E000C8E2E4 /* Build configuration list for PBXNativeTarget "batollTests" */;
			buildPhases = (
				33D52F8A1E9443E000C8E2E4 /* Sources */,
				33D52F8B1E9443E000C8E2E4 /* Frameworks */,
				33D52F8C1E9443E000C8E2E4 /* Resources */,
			);
			buildRules = (
			);
			dependencies = (
				33D52F901E9443E000C8E2E4 /* PBXTargetDependency */,
			);
			name = batollTests;
			productName = batollTests;
			productReference = 33D52F8E1E9443E000C8E2E4 /* batollTests.xctest */;
			productType = "com.apple.product-type.bundle.unit-test";
		};
		33D52F981E9443E000C8E2E4 /* batollUITests */ = {
			isa = PBXNativeTarget;
			buildConfigurationList = 33D52FA81E9443E000C8E2E4 /* Build configuration list for PBXNativeTarget "batollUITests" */;
			buildPhases = (
				33D52F951E9443E000C8E2E4 /* Sources */,
				33D52F961E9443E000C8E2E4 /* Frameworks */,
				33D52F971E9443E000C8E2E4 /* Resources */,
			);
			buildRules = (
			);
			dependencies = (
				33D52F9B1E9443E000C8E2E4 /* PBXTargetDependency */,
			);
			name = batollUITests;
			productName = batollUITests;
			productReference = 33D52F991E9443E000C8E2E4 /* batollUITests.xctest */;
			productType = "com.apple.product-type.bundle.ui-testing";
		};
/* End PBXNativeTarget section */

/* Begin PBXProject section */
		33D52F721E9443DF00C8E2E4 /* Project object */ = {
			isa = PBXProject;
			attributes = {
				LastSwiftUpdateCheck = 0800;
				LastUpgradeCheck = 0800;
				ORGANIZATIONNAME = "Dennis Sauve";
				TargetAttributes = {
					33D52F791E9443DF00C8E2E4 = {
						CreatedOnToolsVersion = 8.0;
						ProvisioningStyle = Automatic;
					};
					33D52F8D1E9443E000C8E2E4 = {
						CreatedOnToolsVersion = 8.0;
						ProvisioningStyle = Automatic;
						TestTargetID = 33D52F791E9443DF00C8E2E4;
					};
					33D52F981E9443E000C8E2E4 = {
						CreatedOnToolsVersion = 8.0;
						ProvisioningStyle = Automatic;
						TestTargetID = 33D52F791E9443DF00C8E2E4;
					};
				};
			};
			buildConfigurationList = 33D52F751E9443DF00C8E2E4 /* Build configuration list for PBXProject "batoll" */;
			compatibilityVersion = "Xcode 3.2";
			developmentRegion = English;
			hasScannedForEncodings = 0;
			knownRegions = (
				en,
				Base,
			);
			mainGroup = 33D52F711E9443DF00C8E2E4;
			productRefGroup = 33D52F7B1E9443DF00C8E2E4 /* Products */;
			projectDirPath = "";
			projectRoot = "";
			targets = (
				33D52F791E9443DF00C8E2E4 /* batoll */,
				33D52F8D1E9443E000C8E2E4 /* batollTests */,
				33D52F981E9443E000C8E2E4 /* batollUITests */,
			);
		};
/* End PBXProject section */

/* Begin PBXResourcesBuildPhase section */
		33D52F781E9443DF00C8E2E4 /* Resources */ = {
			isa = PBXResourcesBuildPhase;
			buildActionMask = 2147483647;
			files = (
				33D52F881E9443E000C8E2E4 /* LaunchScreen.storyboard in Resources */,
				33D52F851E9443DF00C8E2E4 /* Assets.xcassets in Resources */,
				33D52F831E9443DF00C8E2E4 /* Main.storyboard in Resources */,
			);
			runOnlyForDeploymentPostprocessing = 0;
		};
		33D52F8C1E9443E000C8E2E4 /* Resources */ = {
			isa = PBXResourcesBuildPhase;
			buildActionMask = 2147483647;
			files = (
			);
			runOnlyForDeploymentPostprocessing = 0;
		};
		33D52F971E9443E000C8E2E4 /* Resources */ = {
			isa = PBXResourcesBuildPhase;
			buildActionMask = 2147483647;
			files = (
			);
			runOnlyForDeploymentPostprocessing = 0;
		};
/* End PBXResourcesBuildPhase section */

/* Begin PBXSourcesBuildPhase section */
		33D52F761E9443DF00C8E2E4 /* Sources */ = {
			isa = PBXSourcesBuildPhase;
			buildActionMask = 2147483647;
			files = (
				33D52F801E9443DF00C8E2E4 /* ViewController.swift in Sources */,
				33D52F7E1E9443DF00C8E2E4 /* AppDelegate.swift in Sources */,
			);
			runOnlyForDeploymentPostprocessing = 0;
		};
		33D52F8A1E9443E000C8E2E4 /* Sources */ = {
			isa = PBXSourcesBuildPhase;
			buildActionMask = 2147483647;
			files = (
				33D52F931E9443E000C8E2E4 /* batollTests.swift in Sources */,
			);
			runOnlyForDeploymentPostprocessing = 0;
		};
		33D52F951E9443E000C8E2E4 /* Sources */ = {
			isa = PBXSourcesBuildPhase;
			buildActionMask = 2147483647;
			files = (
				33D52F9E1E9443E000C8E2E4 /* batollUITests.swift in Sources */,
			);
			runOnlyForDeploymentPostprocessing = 0;
		};
/* End PBXSourcesBuildPhase section */

/* Begin PBXTargetDependency section */
		33D52F901E9443E000C8E2E4 /* PBXTargetDependency */ = {
			isa = PBXTargetDependency;
			target = 33D52F791E9443DF00C8E2E4 /* batoll */;
			targetProxy = 33D52F8F1E9443E000C8E2E4 /* PBXContainerItemProxy */;
		};
		33D52F9B1E9443E000C8E2E4 /* PBXTargetDependency */ = {
			isa = PBXTargetDependency;
			target = 33D52F791E9443DF00C8E2E4 /* batoll */;
			targetProxy = 33D52F9A1E9443E000C8E2E4 /* PBXContainerItemProxy */;
		};
/* End PBXTargetDependency section */

/* Begin PBXVariantGroup section */
		33D52F811E9443DF00C8E2E4 /* Main.storyboard */ = {
			isa = PBXVariantGroup;
			children = (
				33D52F821E9443DF00C8E2E4 /* Base */,
			);
			name = Main.storyboard;
			sourceTree = "<group>";
		};
		33D52F861E9443E000C8E2E4 /* LaunchScreen.storyboard */ = {
			isa = PBXVariantGroup;
			children = (
				33D52F871E9443E000C8E2E4 /* Base */,
			);
			name = LaunchScreen.storyboard;
			sourceTree = "<group>";
		};
/* End PBXVariantGroup section */

/* Begin XCBuildConfiguration section */
		33D52FA01E9443E000C8E2E4 /* Debug */ = {
			isa = XCBuildConfiguration;
			buildSettings = {
				ALWAYS_SEARCH_USER_PATHS = NO;
				CLANG_ANALYZER_NONNULL = YES;
				CLANG_CXX_LANGUAGE_STANDARD = "gnu++0x";
				CLANG_CXX_LIBRARY = "libc++";
				CLANG_ENABLE_MODULES = YES;
				CLANG_ENABLE_OBJC_ARC = YES;
				CLANG_WARN_BOOL_CONVERSION = YES;
				CLANG_WARN_CONSTANT_CONVERSION = YES;
				CLANG_WARN_DIRECT_OBJC_ISA_USAGE = YES_ERROR;
				CLANG_WARN_DOCUMENTATION_COMMENTS = YES;
				CLANG_WARN_EMPTY_BODY = YES;
				CLANG_WARN_ENUM_CONVERSION = YES;
				CLANG_WARN_INFINITE_RECURSION = YES;
				CLANG_WARN_INT_CONVERSION = YES;
				CLANG_WARN_OBJC_ROOT_CLASS = YES_ERROR;
				CLANG_WARN_SUSPICIOUS_MOVES = YES;
				CLANG_WARN_UNREACHABLE_CODE = YES;
				CLANG_WARN__DUPLICATE_METHOD_MATCH = YES;
				"CODE_SIGN_IDENTITY[sdk=iphoneos*]" = "iPhone Developer";
				COPY_PHASE_STRIP = NO;
				DEBUG_INFORMATION_FORMAT = dwarf;
				ENABLE_STRICT_OBJC_MSGSEND = YES;
				ENABLE_TESTABILITY = YES;
				GCC_C_LANGUAGE_STANDARD = gnu99;
				GCC_DYNAMIC_NO_PIC = NO;
				GCC_NO_COMMON_BLOCKS = YES;
				GCC_OPTIMIZATION_LEVEL = 0;
				GCC_PREPROCESSOR_DEFINITIONS = (
					"DEBUG=1",
					"$(inherited)",
				);
				GCC_WARN_64_TO_32_BIT_CONVERSION = YES;
				GCC_WARN_ABOUT_RETURN_TYPE = YES_ERROR;
				GCC_WARN_UNDECLARED_SELECTOR = YES;
				GCC_WARN_UNINITIALIZED_AUTOS = YES_AGGRESSIVE;
				GCC_WARN_UNUSED_FUNCTION = YES;
				GCC_WARN_UNUSED_VARIABLE = YES;
				IPHONEOS_DEPLOYMENT_TARGET = 10.0;
				MTL_ENABLE_DEBUG_INFO = YES;
				ONLY_ACTIVE_ARCH = YES;
				SDKROOT = iphoneos;
				SWIFT_ACTIVE_COMPILATION_CONDITIONS = DEBUG;
				SWIFT_OPTIMIZATION_LEVEL = "-Onone";
				TARGETED_DEVICE_FAMILY = "1,2";
			};
			name = Debug;
		};
		33D52FA11E9443E000C8E2E4 /* Release */ = {
			isa = XCBuildConfiguration;
			buildSettings = {
				ALWAYS_SEARCH_USER_PATHS = NO;
				CLANG_ANALYZER_NONNULL = YES;
				CLANG_CXX_LANGUAGE_STANDARD = "gnu++0x";
				CLANG_CXX_LIBRARY = "libc++";
				CLANG_ENABLE_MODULES = YES;
				CLANG_ENABLE_OBJC_ARC = YES;
				CLANG_WARN_BOOL_CONVERSION = YES;
				CLANG_WARN_CONSTANT_CONVERSION = YES;
				CLANG_WARN_DIRECT_OBJC_ISA_USAGE = YES_ERROR;
				CLANG_WARN_DOCUMENTATION_COMMENTS = YES;
				CLANG_WARN_EMPTY_BODY = YES;
				CLANG_WARN_ENUM_CONVERSION = YES;
				CLANG_WARN_INFINITE_RECURSION = YES;
				CLANG_WARN_INT_CONVERSION = YES;
				CLANG_WARN_OBJC_ROOT_CLASS = YES_ERROR;
				CLANG_WARN_SUSPICIOUS_MOVES = YES;
				CLANG_WARN_UNREACHABLE_CODE = YES;
				CLANG_WARN__DUPLICATE_METHOD_MATCH = YES;
				"CODE_SIGN_IDENTITY[sdk=iphoneos*]" = "iPhone Developer";
				COPY_PHASE_STRIP = NO;
				DEBUG_INFORMATION_FORMAT = "dwarf-with-dsym";
				ENABLE_NS_ASSERTIONS = NO;
				ENABLE_STRICT_OBJC_MSGSEND = YES;
				GCC_C_LANGUAGE_STANDARD = gnu99;
				GCC_NO_COMMON_BLOCKS = YES;
				GCC_WARN_64_TO_32_BIT_CONVERSION = YES;
				GCC_WARN_ABOUT_RETURN_TYPE = YES_ERROR;
				GCC_WARN_UNDECLARED_SELECTOR = YES;
				GCC_WARN_UNINITIALIZED_AUTOS = YES_AGGRESSIVE;
				GCC_WARN_UNUSED_FUNCTION = YES;
				GCC_WARN_UNUSED_VARIABLE = YES;
				IPHONEOS_DEPLOYMENT_TARGET = 10.0;
				MTL_ENABLE_DEBUG_INFO = NO;
				SDKROOT = iphoneos;
				SWIFT_OPTIMIZATION_LEVEL = "-Owholemodule";
				TARGETED_DEVICE_FAMILY = "1,2";
				VALIDATE_PRODUCT = YES;
			};
			name = Release;
		};
		33D52FA31E9443E000C8E2E4 /* Debug */ = {
			isa = XCBuildConfiguration;
			buildSettings = {
				ASSETCATALOG_COMPILER_APPICON_NAME = AppIcon;
				INFOPLIST_FILE = batoll/Info.plist;
				LD_RUNPATH_SEARCH_PATHS = "$(inherited) @executable_path/Frameworks";
				PRODUCT_BUNDLE_IDENTIFIER = sauve.batoll;
				PRODUCT_NAME = "$(TARGET_NAME)";
				SWIFT_VERSION = 3.0;
			};
			name = Debug;
		};
		33D52FA41E9443E000C8E2E4 /* Release */ = {
			isa = XCBuildConfiguration;
			buildSettings = {
				ASSETCATALOG_COMPILER_APPICON_NAME = AppIcon;
				INFOPLIST_FILE = batoll/Info.plist;
				LD_RUNPATH_SEARCH_PATHS = "$(inherited) @executable_path/Frameworks";
				PRODUCT_BUNDLE_IDENTIFIER = sauve.batoll;
				PRODUCT_NAME = "$(TARGET_NAME)";
				SWIFT_VERSION = 3.0;
			};
			name = Release;
		};
		33D52FA61E9443E000C8E2E4 /* Debug */ = {
			isa = XCBuildConfiguration;
			buildSettings = {
				ALWAYS_EMBED_SWIFT_STANDARD_LIBRARIES = YES;
				BUNDLE_LOADER = "$(TEST_HOST)";
				INFOPLIST_FILE = batollTests/Info.plist;
				LD_RUNPATH_SEARCH_PATHS = "$(inherited) @executable_path/Frameworks @loader_path/Frameworks";
				PRODUCT_BUNDLE_IDENTIFIER = sauve.batollTests;
				PRODUCT_NAME = "$(TARGET_NAME)";
				SWIFT_VERSION = 3.0;
				TEST_HOST = "$(BUILT_PRODUCTS_DIR)/batoll.app/batoll";
			};
			name = Debug;
		};
		33D52FA71E9443E000C8E2E4 /* Release */ = {
			isa = XCBuildConfiguration;
			buildSettings = {
				ALWAYS_EMBED_SWIFT_STANDARD_LIBRARIES = YES;
				BUNDLE_LOADER = "$(TEST_HOST)";
				INFOPLIST_FILE = batollTests/Info.plist;
				LD_RUNPATH_SEARCH_PATHS = "$(inherited) @executable_path/Frameworks @loader_path/Frameworks";
				PRODUCT_BUNDLE_IDENTIFIER = sauve.batollTests;
				PRODUCT_NAME = "$(TARGET_NAME)";
				SWIFT_VERSION = 3.0;
				TEST_HOST = "$(BUILT_PRODUCTS_DIR)/batoll.app/batoll";
			};
			name = Release;
		};
		33D52FA91E9443E000C8E2E4 /* Debug */ = {
			isa = XCBuildConfiguration;
			buildSettings = {
				ALWAYS_EMBED_SWIFT_STANDARD_LIBRARIES = YES;
				INFOPLIST_FILE = batollUITests/Info.plist;
				LD_RUNPATH_SEARCH_PATHS = "$(inherited) @executable_path/Frameworks @loader_path/Frameworks";
				PRODUCT_BUNDLE_IDENTIFIER = sauve.batollUITests;
				PRODUCT_NAME = "$(TARGET_NAME)";
				SWIFT_VERSION = 3.0;
				TEST_TARGET_NAME = batoll;
			};
			name = Debug;
		};
		33D52FAA1E9443E000C8E2E4 /* Release */ = {
			isa = XCBuildConfiguration;
			buildSettings = {
				ALWAYS_EMBED_SWIFT_STANDARD_LIBRARIES = YES;
				INFOPLIST_FILE = batollUITests/Info.plist;
				LD_RUNPATH_SEARCH_PATHS = "$(inherited) @executable_path/Frameworks @loader_path/Frameworks";
				PRODUCT_BUNDLE_IDENTIFIER = sauve.batollUITests;
				PRODUCT_NAME = "$(TARGET_NAME)";
				SWIFT_VERSION = 3.0;
				TEST_TARGET_NAME = batoll;
			};
			name = Release;
		};
/* End XCBuildConfiguration section */

/* Begin XCConfigurationList section */
		33D52F751E9443DF00C8E2E4 /* Build configuration list for PBXProject "batoll" */ = {
			isa = XCConfigurationList;
			buildConfigurations = (
				33D52FA01E9443E000C8E2E4 /* Debug */,
				33D52FA11E9443E000C8E2E4 /* Release */,
			);
			defaultConfigurationIsVisible = 0;
			defaultConfigurationName = Release;
		};
		33D52FA21E9443E000C8E2E4 /* Build configuration list for PBXNativeTarget "batoll" */ = {
			isa = XCConfigurationList;
			buildConfigurations = (
				33D52FA31E9443E000C8E2E4 /* Debug */,
				33D52FA41E9443E000C8E2E4 /* Release */,
			);
			defaultConfigurationIsVisible = 0;
		};
		33D52FA51E9443E000C8E2E4 /* Build configuration list for PBXNativeTarget "batollTests" */ = {
			isa = XCConfigurationList;
			buildConfigurations = (
				33D52FA61E9443E000C8E2E4 /* Debug */,
				33D52FA71E9443E000C8E2E4 /* Release */,
			);
			defaultConfigurationIsVisible = 0;
		};
		33D52FA81E9443E000C8E2E4 /* Build configuration list for PBXNativeTarget "batollUITests" */ = {
			isa = XCConfigurationList;
			buildConfigurations = (
				33D52FA91E9443E000C8E2E4 /* Debug */,
				33D52FAA1E9443E000C8E2E4 /* Release */,
			);
			defaultConfigurationIsVisible = 0;
		};
/* End XCConfigurationList section */
	};
	rootObject = 33D52F721E9443DF00C8E2E4 /* Project object */;
}
