
Microsoft Visual Studio Solution File, Format Version 12.00
# Visual Studio 14
VisualStudioVersion = 14.0.25420.1
MinimumVisualStudioVersion = 10.0.40219.1
Project("{FAE04EC0-301F-11D3-BF4B-00C04F79EFBC}") = "testMovieObj", "testMovieObj\testMovieObj.csproj", "{1ECC1A30-745A-4F75-B607-467D4BE811DB}"
EndProject
Global
	GlobalSection(SolutionConfigurationPlatforms) = preSolution
		Debug|Any CPU = Debug|Any CPU
		Release|Any CPU = Release|Any CPU
	EndGlobalSection
	GlobalSection(ProjectConfigurationPlatforms) = postSolution
		{1ECC1A30-745A-4F75-B607-467D4BE811DB}.Debug|Any CPU.ActiveCfg = Debug|Any CPU
		{1ECC1A30-745A-4F75-B607-467D4BE811DB}.Debug|Any CPU.Build.0 = Debug|Any CPU
		{1ECC1A30-745A-4F75-B607-467D4BE811DB}.Release|Any CPU.ActiveCfg = Release|Any CPU
		{1ECC1A30-745A-4F75-B607-467D4BE811DB}.Release|Any CPU.Build.0 = Release|Any CPU
	EndGlobalSection
	GlobalSection(SolutionProperties) = preSolution
		HideSolutionNode = FALSE
	EndGlobalSection
EndGlobal
